
Microsoft Visual Studio Solution File, Format Version 12.00
# Visual Studio 15
VisualStudioVersion = 15.0.28010.2041
MinimumVisualStudioVersion = 10.0.40219.1
Project("{FAE04EC0-301F-11D3-BF4B-00C04F79EFBC}") = "Homework3", "Homework3\Homework3.csproj", "{00AD2FAD-78E3-4BC7-8450-C104D1EC9520}"
EndProject
Global
	GlobalSection(SolutionConfigurationPlatforms) = preSolution
		Debug|Any CPU = Debug|Any CPU
		Release|Any CPU = Release|Any CPU
	EndGlobalSection
	GlobalSection(ProjectConfigurationPlatforms) = postSolution
		{00AD2FAD-78E3-4BC7-8450-C104D1EC9520}.Debug|Any CPU.ActiveCfg = Debug|Any CPU
		{00AD2FAD-78E3-4BC7-8450-C104D1EC9520}.Debug|Any CPU.Build.0 = Debug|Any CPU
		{00AD2FAD-78E3-4BC7-8450-C104D1EC9520}.Release|Any CPU.ActiveCfg = Release|Any CPU
		{00AD2FAD-78E3-4BC7-8450-C104D1EC9520}.Release|Any CPU.Build.0 = Release|Any CPU
	EndGlobalSection
	GlobalSection(SolutionProperties) = preSolution
		HideSolutionNode = FALSE
	EndGlobalSection
	GlobalSection(ExtensibilityGlobals) = postSolution
		SolutionGuid = {775751B8-DE29-4ABC-ADFE-2CF826FFC5DC}
	EndGlobalSection
EndGlobal
